
Microsoft Visual Studio Solution File, Format Version 12.00
# Visual Studio 2013
VisualStudioVersion = 12.0.30723.0
MinimumVisualStudioVersion = 10.0.40219.1
Project("{FAE04EC0-301F-11D3-BF4B-00C04F79EFBC}") = "ConsoleApplication1", "ConsoleApplication1\ConsoleApplication1.csproj", "{19FB6EF6-13E5-43F1-BCEB-CD0342639924}"
EndProject
Project("{FAE04EC0-301F-11D3-BF4B-00C04F79EFBC}") = "ClassLibrary1", "ClassLibrary1\ClassLibrary1.csproj", "{52D6A9E5-B2FB-4231-937F-38B65D75BC0E}"
EndProject
Project("{FAE04EC0-301F-11D3-BF4B-00C04F79EFBC}") = "UnitTestProject1", "UnitTestProject1\UnitTestProject1.csproj", "{7A934A8B-54F9-45CC-BE32-400D72852467}"
EndProject
Global
	GlobalSection(SolutionConfigurationPlatforms) = preSolution
		Debug|Any CPU = Debug|Any CPU
		Release|Any CPU = Release|Any CPU
	EndGlobalSection
	GlobalSection(ProjectConfigurationPlatforms) = postSolution
		{19FB6EF6-13E5-43F1-BCEB-CD0342639924}.Debug|Any CPU.ActiveCfg = Debug|Any CPU
		{19FB6EF6-13E5-43F1-BCEB-CD0342639924}.Debug|Any CPU.Build.0 = Debug|Any CPU
		{19FB6EF6-13E5-43F1-BCEB-CD0342639924}.Release|Any CPU.ActiveCfg = Release|Any CPU
		{19FB6EF6-13E5-43F1-BCEB-CD0342639924}.Release|Any CPU.Build.0 = Release|Any CPU
		{52D6A9E5-B2FB-4231-937F-38B65D75BC0E}.Debug|Any CPU.ActiveCfg = Debug|Any CPU
		{52D6A9E5-B2FB-4231-937F-38B65D75BC0E}.Debug|Any CPU.Build.0 = Debug|Any CPU
		{52D6A9E5-B2FB-4231-937F-38B65D75BC0E}.Release|Any CPU.ActiveCfg = Release|Any CPU
		{52D6A9E5-B2FB-4231-937F-38B65D75BC0E}.Release|Any CPU.Build.0 = Release|Any CPU
		{7A934A8B-54F9-45CC-BE32-400D72852467}.Debug|Any CPU.ActiveCfg = Debug|Any CPU
		{7A934A8B-54F9-45CC-BE32-400D72852467}.Debug|Any CPU.Build.0 = Debug|Any CPU
		{7A934A8B-54F9-45CC-BE32-400D72852467}.Release|Any CPU.ActiveCfg = Release|Any CPU
		{7A934A8B-54F9-45CC-BE32-400D72852467}.Release|Any CPU.Build.0 = Release|Any CPU
	EndGlobalSection
	GlobalSection(SolutionProperties) = preSolution
		HideSolutionNode = FALSE
	EndGlobalSection
EndGlobal
